
Microsoft Visual Studio Solution File, Format Version 12.00
Project("{FAE04EC0-301F-11D3-BF4B-00C04F79EFBC}") = "PointFit", "PointFit\PointFit.csproj", "{5E9033F3-B41D-402D-BBAE-AC265C8C3B47}"
EndProject
Global
	GlobalSection(SolutionConfigurationPlatforms) = preSolution
		Debug|Any CPU = Debug|Any CPU
		Release|Any CPU = Release|Any CPU
	EndGlobalSection
	GlobalSection(ProjectConfigurationPlatforms) = postSolution
		{5E9033F3-B41D-402D-BBAE-AC265C8C3B47}.Debug|Any CPU.ActiveCfg = Debug|Any CPU
		{5E9033F3-B41D-402D-BBAE-AC265C8C3B47}.Debug|Any CPU.Build.0 = Debug|Any CPU
		{5E9033F3-B41D-402D-BBAE-AC265C8C3B47}.Release|Any CPU.ActiveCfg = Release|Any CPU
		{5E9033F3-B41D-402D-BBAE-AC265C8C3B47}.Release|Any CPU.Build.0 = Release|Any CPU
	EndGlobalSection
EndGlobal
