
Microsoft Visual Studio Solution File, Format Version 12.00
# Visual Studio 15
VisualStudioVersion = 15.0.28307.1525
MinimumVisualStudioVersion = 10.0.40219.1
Project("{FAE04EC0-301F-11D3-BF4B-00C04F79EFBC}") = "PointFit", "PointFit\PointFit.csproj", "{5E9033F3-B41D-402D-BBAE-AC265C8C3B47}"
EndProject
Project("{FAE04EC0-301F-11D3-BF4B-00C04F79EFBC}") = "JsonTest", "JsonTest\JsonTest.csproj", "{7EAA261D-21F5-4B2E-A688-A30635991C76}"
EndProject
Project("{FAE04EC0-301F-11D3-BF4B-00C04F79EFBC}") = "PointCloudSeg", "PointCloudSeg\PointCloudSeg.csproj", "{D6A1D332-FBF2-427D-AE12-8A5C07663D1E}"
EndProject
Global
	GlobalSection(SolutionConfigurationPlatforms) = preSolution
		Debug|Any CPU = Debug|Any CPU
		Release|Any CPU = Release|Any CPU
	EndGlobalSection
	GlobalSection(ProjectConfigurationPlatforms) = postSolution
		{5E9033F3-B41D-402D-BBAE-AC265C8C3B47}.Debug|Any CPU.ActiveCfg = Debug|Any CPU
		{5E9033F3-B41D-402D-BBAE-AC265C8C3B47}.Debug|Any CPU.Build.0 = Debug|Any CPU
		{5E9033F3-B41D-402D-BBAE-AC265C8C3B47}.Release|Any CPU.ActiveCfg = Release|Any CPU
		{5E9033F3-B41D-402D-BBAE-AC265C8C3B47}.Release|Any CPU.Build.0 = Release|Any CPU
		{7EAA261D-21F5-4B2E-A688-A30635991C76}.Debug|Any CPU.ActiveCfg = Debug|Any CPU
		{7EAA261D-21F5-4B2E-A688-A30635991C76}.Debug|Any CPU.Build.0 = Debug|Any CPU
		{7EAA261D-21F5-4B2E-A688-A30635991C76}.Release|Any CPU.ActiveCfg = Release|Any CPU
		{7EAA261D-21F5-4B2E-A688-A30635991C76}.Release|Any CPU.Build.0 = Release|Any CPU
		{D6A1D332-FBF2-427D-AE12-8A5C07663D1E}.Debug|Any CPU.ActiveCfg = Debug|Any CPU
		{D6A1D332-FBF2-427D-AE12-8A5C07663D1E}.Debug|Any CPU.Build.0 = Debug|Any CPU
		{D6A1D332-FBF2-427D-AE12-8A5C07663D1E}.Release|Any CPU.ActiveCfg = Release|Any CPU
		{D6A1D332-FBF2-427D-AE12-8A5C07663D1E}.Release|Any CPU.Build.0 = Release|Any CPU
	EndGlobalSection
	GlobalSection(SolutionProperties) = preSolution
		HideSolutionNode = FALSE
	EndGlobalSection
	GlobalSection(ExtensibilityGlobals) = postSolution
		SolutionGuid = {1BD7E2B4-EC54-48F0-AF3D-4B778AA3F1F1}
	EndGlobalSection
EndGlobal
